
Microsoft Visual Studio Solution File, Format Version 12.00
# Visual Studio Version 16
VisualStudioVersion = 16.0.31402.337
MinimumVisualStudioVersion = 10.0.40219.1
Project("{FAE04EC0-301F-11D3-BF4B-00C04F79EFBC}") = "XmlMigrator", "XmlMigrator.csproj", "{CCC88B76-4B63-4E4A-97AE-300B6D5717CB}"
EndProject
Project("{FAE04EC0-301F-11D3-BF4B-00C04F79EFBC}") = "XmlMigratorTests", "XmlMigratorTests\XmlMigratorTests.csproj", "{A5FC8ED3-2076-447D-A0B9-361216954881}"
EndProject
Global
	GlobalSection(SolutionConfigurationPlatforms) = preSolution
		Debug|Any CPU = Debug|Any CPU
		Release|Any CPU = Release|Any CPU
	EndGlobalSection
	GlobalSection(ProjectConfigurationPlatforms) = postSolution
		{CCC88B76-4B63-4E4A-97AE-300B6D5717CB}.Debug|Any CPU.ActiveCfg = Debug|Any CPU
		{CCC88B76-4B63-4E4A-97AE-300B6D5717CB}.Debug|Any CPU.Build.0 = Debug|Any CPU
		{CCC88B76-4B63-4E4A-97AE-300B6D5717CB}.Release|Any CPU.ActiveCfg = Release|Any CPU
		{CCC88B76-4B63-4E4A-97AE-300B6D5717CB}.Release|Any CPU.Build.0 = Release|Any CPU
		{A5FC8ED3-2076-447D-A0B9-361216954881}.Debug|Any CPU.ActiveCfg = Debug|Any CPU
		{A5FC8ED3-2076-447D-A0B9-361216954881}.Debug|Any CPU.Build.0 = Debug|Any CPU
		{A5FC8ED3-2076-447D-A0B9-361216954881}.Release|Any CPU.ActiveCfg = Release|Any CPU
		{A5FC8ED3-2076-447D-A0B9-361216954881}.Release|Any CPU.Build.0 = Release|Any CPU
	EndGlobalSection
	GlobalSection(SolutionProperties) = preSolution
		HideSolutionNode = FALSE
	EndGlobalSection
	GlobalSection(ExtensibilityGlobals) = postSolution
		SolutionGuid = {68BC9EE7-5606-4CC5-BB94-77D963B15F34}
	EndGlobalSection
EndGlobal
